
Microsoft Visual Studio Solution File, Format Version 12.00
# Visual Studio 15
VisualStudioVersion = 15.0.27703.2018
MinimumVisualStudioVersion = 10.0.40219.1
Project("{FAE04EC0-301F-11D3-BF4B-00C04F79EFBC}") = "BackBot", "BackBot\BackBot.csproj", "{98F6E4F2-B22B-4B6E-ACA4-08547A0EF63D}"
EndProject
Global
	GlobalSection(SolutionConfigurationPlatforms) = preSolution
		Debug|Any CPU = Debug|Any CPU
		Release|Any CPU = Release|Any CPU
	EndGlobalSection
	GlobalSection(ProjectConfigurationPlatforms) = postSolution
		{98F6E4F2-B22B-4B6E-ACA4-08547A0EF63D}.Debug|Any CPU.ActiveCfg = Debug|Any CPU
		{98F6E4F2-B22B-4B6E-ACA4-08547A0EF63D}.Debug|Any CPU.Build.0 = Debug|Any CPU
		{98F6E4F2-B22B-4B6E-ACA4-08547A0EF63D}.Release|Any CPU.ActiveCfg = Release|Any CPU
		{98F6E4F2-B22B-4B6E-ACA4-08547A0EF63D}.Release|Any CPU.Build.0 = Release|Any CPU
	EndGlobalSection
	GlobalSection(SolutionProperties) = preSolution
		HideSolutionNode = FALSE
	EndGlobalSection
	GlobalSection(ExtensibilityGlobals) = postSolution
		SolutionGuid = {E6879057-8E6C-478F-A2B5-E6F5C3078FE8}
	EndGlobalSection
EndGlobal
